
Microsoft Visual Studio Solution File, Format Version 12.00
# Visual Studio Version 17
VisualStudioVersion = 17.14.36915.13 d17.14
MinimumVisualStudioVersion = 10.0.40219.1
Project("{FAE04EC0-301F-11D3-BF4B-00C04F79EFBC}") = "azure-app-swapnil", "azure-app-swapnil\azure-app-swapnil.csproj", "{48CE98FB-92A1-4D7D-A689-C240CE4BE635}"
EndProject
Global
	GlobalSection(SolutionConfigurationPlatforms) = preSolution
		Debug|Any CPU = Debug|Any CPU
		Release|Any CPU = Release|Any CPU
	EndGlobalSection
	GlobalSection(ProjectConfigurationPlatforms) = postSolution
		{48CE98FB-92A1-4D7D-A689-C240CE4BE635}.Debug|Any CPU.ActiveCfg = Debug|Any CPU
		{48CE98FB-92A1-4D7D-A689-C240CE4BE635}.Debug|Any CPU.Build.0 = Debug|Any CPU
		{48CE98FB-92A1-4D7D-A689-C240CE4BE635}.Release|Any CPU.ActiveCfg = Release|Any CPU
		{48CE98FB-92A1-4D7D-A689-C240CE4BE635}.Release|Any CPU.Build.0 = Release|Any CPU
	EndGlobalSection
	GlobalSection(SolutionProperties) = preSolution
		HideSolutionNode = FALSE
	EndGlobalSection
	GlobalSection(ExtensibilityGlobals) = postSolution
		SolutionGuid = {953FA4D5-481D-462B-8719-5B373FA94666}
	EndGlobalSection
EndGlobal
